
Microsoft Visual Studio Solution File, Format Version 12.00
# Visual Studio Version 16
VisualStudioVersion = 16.0.30002.166
MinimumVisualStudioVersion = 10.0.40219.1
Project("{9A19103F-16F7-4668-BE54-9A1E7A4F7556}") = "Hahn.ApplicatonProcess.May2020.Data", "Hahn.ApplicatonProcess.May2020.Data\Hahn.ApplicatonProcess.May2020.Data.csproj", "{AC8D2A1D-70B6-4698-AB60-955D6D8D189A}"
EndProject
Project("{9A19103F-16F7-4668-BE54-9A1E7A4F7556}") = "Hahn.ApplicatonProcess.May2020.Web", "Hahn.ApplicatonProcess.May2020.Web\Hahn.ApplicatonProcess.May2020.Web.csproj", "{ECD09A0C-FC3A-4D2F-8109-419DCEBCB26F}"
EndProject
Project("{9A19103F-16F7-4668-BE54-9A1E7A4F7556}") = "Hahn.ApplicatonProcess.May2020.Domain", "Hahn.ApplicatonProcess.May2020.Domain\Hahn.ApplicatonProcess.May2020.Domain.csproj", "{B2EC1653-5527-47FD-A9ED-0DEDC1A8A92F}"
EndProject
Project("{2150E333-8FDC-42A3-9474-1A3956D46DE8}") = "0 - Presentation", "0 - Presentation", "{B4F38B32-6165-40CF-924E-DD838A2C59EC}"
EndProject
Project("{2150E333-8FDC-42A3-9474-1A3956D46DE8}") = "1 - Domain", "1 - Domain", "{53A422CA-B0EA-4BF9-8193-058DDF63AC53}"
EndProject
Project("{2150E333-8FDC-42A3-9474-1A3956D46DE8}") = "3 - Data", "3 - Data", "{C9717013-764A-4842-95C8-69C1B0C34CCB}"
EndProject
Global
	GlobalSection(SolutionConfigurationPlatforms) = preSolution
		Debug|Any CPU = Debug|Any CPU
		Release|Any CPU = Release|Any CPU
	EndGlobalSection
	GlobalSection(ProjectConfigurationPlatforms) = postSolution
		{AC8D2A1D-70B6-4698-AB60-955D6D8D189A}.Debug|Any CPU.ActiveCfg = Debug|Any CPU
		{AC8D2A1D-70B6-4698-AB60-955D6D8D189A}.Debug|Any CPU.Build.0 = Debug|Any CPU
		{AC8D2A1D-70B6-4698-AB60-955D6D8D189A}.Release|Any CPU.ActiveCfg = Release|Any CPU
		{AC8D2A1D-70B6-4698-AB60-955D6D8D189A}.Release|Any CPU.Build.0 = Release|Any CPU
		{ECD09A0C-FC3A-4D2F-8109-419DCEBCB26F}.Debug|Any CPU.ActiveCfg = Debug|Any CPU
		{ECD09A0C-FC3A-4D2F-8109-419DCEBCB26F}.Debug|Any CPU.Build.0 = Debug|Any CPU
		{ECD09A0C-FC3A-4D2F-8109-419DCEBCB26F}.Release|Any CPU.ActiveCfg = Release|Any CPU
		{ECD09A0C-FC3A-4D2F-8109-419DCEBCB26F}.Release|Any CPU.Build.0 = Release|Any CPU
		{B2EC1653-5527-47FD-A9ED-0DEDC1A8A92F}.Debug|Any CPU.ActiveCfg = Debug|Any CPU
		{B2EC1653-5527-47FD-A9ED-0DEDC1A8A92F}.Debug|Any CPU.Build.0 = Debug|Any CPU
		{B2EC1653-5527-47FD-A9ED-0DEDC1A8A92F}.Release|Any CPU.ActiveCfg = Release|Any CPU
		{B2EC1653-5527-47FD-A9ED-0DEDC1A8A92F}.Release|Any CPU.Build.0 = Release|Any CPU
	EndGlobalSection
	GlobalSection(SolutionProperties) = preSolution
		HideSolutionNode = FALSE
	EndGlobalSection
	GlobalSection(NestedProjects) = preSolution
		{AC8D2A1D-70B6-4698-AB60-955D6D8D189A} = {C9717013-764A-4842-95C8-69C1B0C34CCB}
		{ECD09A0C-FC3A-4D2F-8109-419DCEBCB26F} = {B4F38B32-6165-40CF-924E-DD838A2C59EC}
		{B2EC1653-5527-47FD-A9ED-0DEDC1A8A92F} = {53A422CA-B0EA-4BF9-8193-058DDF63AC53}
	EndGlobalSection
	GlobalSection(ExtensibilityGlobals) = postSolution
		SolutionGuid = {876C2227-3CCE-47E2-8632-8DB5C3D80A87}
	EndGlobalSection
EndGlobal
